Microsoft Visual Studio Solution File, Format Version 12.00
# Visual Studio Version 17
VisualStudioVersion = 17.5.2.0
MinimumVisualStudioVersion = 10.0.40219.1
Project("{FAE04EC0-301F-11D3-BF4B-00C04F79EFBC}") = "BNKaraoke.DJ", "BNKaraoke.DJ.csproj", "{514F0336-A69E-DD6E-7EDC-191B247BD198}"
EndProject
Global
	GlobalSection(SolutionConfigurationPlatforms) = preSolution
		Debug|Any CPU = Debug|Any CPU
		Release|Any CPU = Release|Any CPU
	EndGlobalSection
	GlobalSection(ProjectConfigurationPlatforms) = postSolution
		{514F0336-A69E-DD6E-7EDC-191B247BD198}.Debug|Any CPU.ActiveCfg = Debug|Any CPU
		{514F0336-A69E-DD6E-7EDC-191B247BD198}.Debug|Any CPU.Build.0 = Debug|Any CPU
		{514F0336-A69E-DD6E-7EDC-191B247BD198}.Release|Any CPU.ActiveCfg = Release|Any CPU
		{514F0336-A69E-DD6E-7EDC-191B247BD198}.Release|Any CPU.Build.0 = Release|Any CPU
	EndGlobalSection
	GlobalSection(SolutionProperties) = preSolution
		HideSolutionNode = FALSE
	EndGlobalSection
	GlobalSection(ExtensibilityGlobals) = postSolution
		SolutionGuid = {715988C4-D0D1-4164-909B-7CE3D91528B6}
	EndGlobalSection
EndGlobal
